
Microsoft Visual Studio Solution File, Format Version 12.00
# Visual Studio 2013
VisualStudioVersion = 12.0.30110.0
MinimumVisualStudioVersion = 10.0.40219.1
Project("{FAE04EC0-301F-11D3-BF4B-00C04F79EFBC}") = "FileMVC", "FileMVC\FileMVC.csproj", "{BAE63D1F-42BC-4470-B58B-CCF6EC5F9448}"
EndProject
Project("{FAE04EC0-301F-11D3-BF4B-00C04F79EFBC}") = "FileMVC.Tests", "FileMVC.Tests\FileMVC.Tests.csproj", "{111CF2BC-9328-450A-8A61-AE71B1660DF2}"
EndProject
Global
	GlobalSection(SolutionConfigurationPlatforms) = preSolution
		Debug|Any CPU = Debug|Any CPU
		Release|Any CPU = Release|Any CPU
	EndGlobalSection
	GlobalSection(ProjectConfigurationPlatforms) = postSolution
		{BAE63D1F-42BC-4470-B58B-CCF6EC5F9448}.Debug|Any CPU.ActiveCfg = Debug|Any CPU
		{BAE63D1F-42BC-4470-B58B-CCF6EC5F9448}.Debug|Any CPU.Build.0 = Debug|Any CPU
		{BAE63D1F-42BC-4470-B58B-CCF6EC5F9448}.Release|Any CPU.ActiveCfg = Release|Any CPU
		{BAE63D1F-42BC-4470-B58B-CCF6EC5F9448}.Release|Any CPU.Build.0 = Release|Any CPU
		{111CF2BC-9328-450A-8A61-AE71B1660DF2}.Debug|Any CPU.ActiveCfg = Debug|Any CPU
		{111CF2BC-9328-450A-8A61-AE71B1660DF2}.Debug|Any CPU.Build.0 = Debug|Any CPU
		{111CF2BC-9328-450A-8A61-AE71B1660DF2}.Release|Any CPU.ActiveCfg = Release|Any CPU
		{111CF2BC-9328-450A-8A61-AE71B1660DF2}.Release|Any CPU.Build.0 = Release|Any CPU
	EndGlobalSection
	GlobalSection(SolutionProperties) = preSolution
		HideSolutionNode = FALSE
	EndGlobalSection
EndGlobal
